
Microsoft Visual Studio Solution File, Format Version 12.00
# Visual Studio Version 17
VisualStudioVersion = 17.4.33122.133
MinimumVisualStudioVersion = 10.0.40219.1
Project("{9A19103F-16F7-4668-BE54-9A1E7A4F7556}") = "adventofcode2022", "adventofcode2022\adventofcode2022.csproj", "{03DB07E2-BAF9-4EAE-9776-B5EC9D3E775C}"
EndProject
Project("{FAE04EC0-301F-11D3-BF4B-00C04F79EFBC}") = "adventofcode2022tests", "adventofcode2022tests\adventofcode2022tests.csproj", "{CBF2236E-13AD-42BF-9A60-84F7601C144E}"
EndProject
Global
	GlobalSection(SolutionConfigurationPlatforms) = preSolution
		Debug|Any CPU = Debug|Any CPU
		Release|Any CPU = Release|Any CPU
	EndGlobalSection
	GlobalSection(ProjectConfigurationPlatforms) = postSolution
		{03DB07E2-BAF9-4EAE-9776-B5EC9D3E775C}.Debug|Any CPU.ActiveCfg = Debug|Any CPU
		{03DB07E2-BAF9-4EAE-9776-B5EC9D3E775C}.Debug|Any CPU.Build.0 = Debug|Any CPU
		{03DB07E2-BAF9-4EAE-9776-B5EC9D3E775C}.Release|Any CPU.ActiveCfg = Release|Any CPU
		{03DB07E2-BAF9-4EAE-9776-B5EC9D3E775C}.Release|Any CPU.Build.0 = Release|Any CPU
		{CBF2236E-13AD-42BF-9A60-84F7601C144E}.Debug|Any CPU.ActiveCfg = Debug|Any CPU
		{CBF2236E-13AD-42BF-9A60-84F7601C144E}.Debug|Any CPU.Build.0 = Debug|Any CPU
		{CBF2236E-13AD-42BF-9A60-84F7601C144E}.Release|Any CPU.ActiveCfg = Release|Any CPU
		{CBF2236E-13AD-42BF-9A60-84F7601C144E}.Release|Any CPU.Build.0 = Release|Any CPU
	EndGlobalSection
	GlobalSection(SolutionProperties) = preSolution
		HideSolutionNode = FALSE
	EndGlobalSection
	GlobalSection(ExtensibilityGlobals) = postSolution
		SolutionGuid = {AD731C52-EDF0-402D-BA35-136CC8EDF444}
	EndGlobalSection
EndGlobal
